
Microsoft Visual Studio Solution File, Format Version 12.00
# Visual Studio 15
VisualStudioVersion = 15.0.27004.2008
MinimumVisualStudioVersion = 10.0.40219.1
Project("{FAE04EC0-301F-11D3-BF4B-00C04F79EFBC}") = "paypart_service_gateway", "paypart_service_gateway\paypart_service_gateway.csproj", "{378C0EEE-1A50-4956-9DA9-7DF32811A150}"
EndProject
Global
	GlobalSection(SolutionConfigurationPlatforms) = preSolution
		Debug|Any CPU = Debug|Any CPU
		Release|Any CPU = Release|Any CPU
	EndGlobalSection
	GlobalSection(ProjectConfigurationPlatforms) = postSolution
		{378C0EEE-1A50-4956-9DA9-7DF32811A150}.Debug|Any CPU.ActiveCfg = Debug|Any CPU
		{378C0EEE-1A50-4956-9DA9-7DF32811A150}.Debug|Any CPU.Build.0 = Debug|Any CPU
		{378C0EEE-1A50-4956-9DA9-7DF32811A150}.Release|Any CPU.ActiveCfg = Release|Any CPU
		{378C0EEE-1A50-4956-9DA9-7DF32811A150}.Release|Any CPU.Build.0 = Release|Any CPU
	EndGlobalSection
	GlobalSection(SolutionProperties) = preSolution
		HideSolutionNode = FALSE
	EndGlobalSection
	GlobalSection(ExtensibilityGlobals) = postSolution
		SolutionGuid = {99CA7FA1-E3CC-43F6-9B6A-D5DB414F5722}
	EndGlobalSection
EndGlobal
